
Microsoft Visual Studio Solution File, Format Version 12.00
# Visual Studio 15
VisualStudioVersion = 15.0.26730.10
MinimumVisualStudioVersion = 10.0.40219.1
Project("{FAE04EC0-301F-11D3-BF4B-00C04F79EFBC}") = "HelperExtensions", "HelperExtensions\HelperExtensions.csproj", "{0B83EE78-BBF8-4E4C-BBD8-CA689A578BD1}"
EndProject
Project("{FAE04EC0-301F-11D3-BF4B-00C04F79EFBC}") = "HelperExtensions.Tests", "HelperExtensions.Tests\HelperExtensions.Tests.csproj", "{19D7931E-45A8-4C9B-845A-E6C32B48ADF9}"
EndProject
Global
	GlobalSection(SolutionConfigurationPlatforms) = preSolution
		Debug|Any CPU = Debug|Any CPU
		Release|Any CPU = Release|Any CPU
	EndGlobalSection
	GlobalSection(ProjectConfigurationPlatforms) = postSolution
		{0B83EE78-BBF8-4E4C-BBD8-CA689A578BD1}.Debug|Any CPU.ActiveCfg = Debug|Any CPU
		{0B83EE78-BBF8-4E4C-BBD8-CA689A578BD1}.Debug|Any CPU.Build.0 = Debug|Any CPU
		{0B83EE78-BBF8-4E4C-BBD8-CA689A578BD1}.Release|Any CPU.ActiveCfg = Release|Any CPU
		{0B83EE78-BBF8-4E4C-BBD8-CA689A578BD1}.Release|Any CPU.Build.0 = Release|Any CPU
		{19D7931E-45A8-4C9B-845A-E6C32B48ADF9}.Debug|Any CPU.ActiveCfg = Debug|Any CPU
		{19D7931E-45A8-4C9B-845A-E6C32B48ADF9}.Debug|Any CPU.Build.0 = Debug|Any CPU
		{19D7931E-45A8-4C9B-845A-E6C32B48ADF9}.Release|Any CPU.ActiveCfg = Release|Any CPU
		{19D7931E-45A8-4C9B-845A-E6C32B48ADF9}.Release|Any CPU.Build.0 = Release|Any CPU
	EndGlobalSection
	GlobalSection(SolutionProperties) = preSolution
		HideSolutionNode = FALSE
	EndGlobalSection
	GlobalSection(ExtensibilityGlobals) = postSolution
		SolutionGuid = {C607B91C-4047-444B-952A-E083B603C15F}
	EndGlobalSection
EndGlobal
